// !$*UTF8*$!
{
	archiveVersion = 1;
	classes = {
	};
	objectVersion = 55;
	objects = {

/* Begin PBXBuildFile section */
		04805B40273EDE8400758A04 /* AppDelegate.swift in Sources */ = {isa = PBXBuildFile; fileRef = 04805B3F273EDE8400758A04 /* AppDelegate.swift */; };
		04805B42273EDE8400758A04 /* SceneDelegate.swift in Sources */ = {isa = PBXBuildFile; fileRef = 04805B41273EDE8400758A04 /* SceneDelegate.swift */; };
		04805B44273EDE8400758A04 /* ViewController.swift in Sources */ = {isa = PBXBuildFile; fileRef = 04805B43273EDE8400758A04 /* ViewController.swift */; };
		04805B47273EDE8400758A04 /* Main.storyboard in Resources */ = {isa = PBXBuildFile; fileRef = 04805B45273EDE8400758A04 /* Main.storyboard */; };
		04805B49273EDE8900758A04 /* Assets.xcassets in Resources */ = {isa = PBXBuildFile; fileRef = 04805B48273EDE8900758A04 /* Assets.xcassets */; };
		04805B4C273EDE8900758A04 /* LaunchScreen.storyboard in Resources */ = {isa = PBXBuildFile; fileRef = 04805B4A273EDE8900758A04 /* LaunchScreen.storyboard */; };
		04805B57273EDE8A00758A04 /* app1Tests.swift in Sources */ = {isa = PBXBuildFile; fileRef = 04805B56273EDE8A00758A04 /* app1Tests.swift */; };
		04805B61273EDE8A00758A04 /* app1UITests.swift in Sources */ = {isa = PBXBuildFile; fileRef = 04805B60273EDE8A00758A04 /* app1UITests.swift */; };
		04805B63273EDE8A00758A04 /* app1UITestsLaunchTests.swift in Sources */ = {isa = PBXBuildFile; fileRef = 04805B62273EDE8A00758A04 /* app1UITestsLaunchTests.swift */; };
		048A1760273FAA86003D190D /* GuessAnswer.swift in Sources */ = {isa = PBXBuildFile; fileRef = 048A175F273FAA86003D190D /* GuessAnswer.swift */; };
/* End PBXBuildFile section */

/* Begin PBXContainerItemProxy section */
		04805B53273EDE8A00758A04 /* PBXContainerItemProxy */ = {
			isa = PBXContainerItemProxy;
			containerPortal = 04805B34273EDE8300758A04 /* Project object */;
			proxyType = 1;
			remoteGlobalIDString = 04805B3B273EDE8300758A04;
			remoteInfo = app1;
		};
		04805B5D273EDE8A00758A04 /* PBXContainerItemProxy */ = {
			isa = PBXContainerItemProxy;
			containerPortal = 04805B34273EDE8300758A04 /* Project object */;
			proxyType = 1;
			remoteGlobalIDString = 04805B3B273EDE8300758A04;
			remoteInfo = app1;
		};
/* End PBXContainerItemProxy section */

/* Begin PBXFileReference section */
		04805B3C273EDE8400758A04 /* app1.app */ = {isa = PBXFileReference; explicitFileType = wrapper.application; includeInIndex = 0; path = app1.app; sourceTree = BUILT_PRODUCTS_DIR; };
		04805B3F273EDE8400758A04 /* AppDelegate.swift */ = {isa = PBXFileReference; lastKnownFileType = sourcecode.swift; path = AppDelegate.swift; sourceTree = "<group>"; };
		04805B41273EDE8400758A04 /* SceneDelegate.swift */ = {isa = PBXFileReference; lastKnownFileType = sourcecode.swift; path = SceneDelegate.swift; sourceTree = "<group>"; };
		04805B43273EDE8400758A04 /* ViewController.swift */ = {isa = PBXFileReference; lastKnownFileType = sourcecode.swift; path = ViewController.swift; sourceTree = "<group>"; };
		04805B46273EDE8400758A04 /* Base */ = {isa = PBXFileReference; lastKnownFileType = file.storyboard; name = Base; path = Base.lproj/Main.storyboard; sourceTree = "<group>"; };
		04805B48273EDE8900758A04 /* Assets.xcassets */ = {isa = PBXFileReference; lastKnownFileType = folder.assetcatalog; path = Assets.xcassets; sourceTree = "<group>"; };
		04805B4B273EDE8900758A04 /* Base */ = {isa = PBXFileReference; lastKnownFileType = file.storyboard; name = Base; path = Base.lproj/LaunchScreen.storyboard; sourceTree = "<group>"; };
		04805B4D273EDE8900758A04 /* Info.plist */ = {isa = PBXFileReference; lastKnownFileType = text.plist.xml; path = Info.plist; sourceTree = "<group>"; };
		04805B52273EDE8A00758A04 /* app1Tests.xctest */ = {isa = PBXFileReference; explicitFileType = wrapper.cfbundle; includeInIndex = 0; path = app1Tests.xctest; sourceTree = BUILT_PRODUCTS_DIR; };
		04805B56273EDE8A00758A04 /* app1Tests.swift */ = {isa = PBXFileReference; lastKnownFileType = sourcecode.swift; path = app1Tests.swift; sourceTree = "<group>"; };
		04805B5C273EDE8A00758A04 /* app1UITests.xctest */ = {isa = PBXFileReference; explicitFileType = wrapper.cfbundle; includeInIndex = 0; path = app1UITests.xctest; sourceTree = BUILT_PRODUCTS_DIR; };
		04805B60273EDE8A00758A04 /* app1UITests.swift */ = {isa = PBXFileReference; lastKnownFileType = sourcecode.swift; path = app1UITests.swift; sourceTree = "<group>"; };
		04805B62273EDE8A00758A04 /* app1UITestsLaunchTests.swift */ = {isa = PBXFileReference; lastKnownFileType = sourcecode.swift; path = app1UITestsLaunchTests.swift; sourceTree = "<group>"; };
		048A175F273FAA86003D190D /* GuessAnswer.swift */ = {isa = PBXFileReference; lastKnownFileType = sourcecode.swift; path = GuessAnswer.swift; sourceTree = "<group>"; };
/* End PBXFileReference section */

/* Begin PBXFrameworksBuildPhase section */
		04805B39273EDE8300758A04 /* Frameworks */ = {
			isa = PBXFrameworksBuildPhase;
			buildActionMask = 2147483647;
			files = (
			);
			runOnlyForDeploymentPostprocessing = 0;
		};
		04805B4F273EDE8A00758A04 /* Frameworks */ = {
			isa = PBXFrameworksBuildPhase;
			buildActionMask = 2147483647;
			files = (
			);
			runOnlyForDeploymentPostprocessing = 0;
		};
		04805B59273EDE8A00758A04 /* Frameworks */ = {
			isa = PBXFrameworksBuildPhase;
			buildActionMask = 2147483647;
			files = (
			);
			runOnlyForDeploymentPostprocessing = 0;
		};
/* End PBXFrameworksBuildPhase section */

/* Begin PBXGroup section */
		04805B33273EDE8300758A04 = {
			isa = PBXGroup;
			children = (
				04805B3E273EDE8400758A04 /* app1 */,
				04805B55273EDE8A00758A04 /* app1Tests */,
				04805B5F273EDE8A00758A04 /* app1UITests */,
				04805B3D273EDE8400758A04 /* Products */,
			);
			sourceTree = "<group>";
		};
		04805B3D273EDE8400758A04 /* Products */ = {
			isa = PBXGroup;
			children = (
				04805B3C273EDE8400758A04 /* app1.app */,
				04805B52273EDE8A00758A04 /* app1Tests.xctest */,
				04805B5C273EDE8A00758A04 /* app1UITests.xctest */,
			);
			name = Products;
			sourceTree = "<group>";
		};
		04805B3E273EDE8400758A04 /* app1 */ = {
			isa = PBXGroup;
			children = (
				04805B3F273EDE8400758A04 /* AppDelegate.swift */,
				04805B41273EDE8400758A04 /* SceneDelegate.swift */,
				04805B43273EDE8400758A04 /* ViewController.swift */,
				04805B45273EDE8400758A04 /* Main.storyboard */,
				04805B48273EDE8900758A04 /* Assets.xcassets */,
				04805B4A273EDE8900758A04 /* LaunchScreen.storyboard */,
				04805B4D273EDE8900758A04 /* Info.plist */,
				048A175F273FAA86003D190D /* GuessAnswer.swift */,
			);
			path = app1;
			sourceTree = "<group>";
		};
		04805B55273EDE8A00758A04 /* app1Tests */ = {
			isa = PBXGroup;
			children = (
				04805B56273EDE8A00758A04 /* app1Tests.swift */,
			);
			path = app1Tests;
			sourceTree = "<group>";
		};
		04805B5F273EDE8A00758A04 /* app1UITests */ = {
			isa = PBXGroup;
			children = (
				04805B60273EDE8A00758A04 /* app1UITests.swift */,
				04805B62273EDE8A00758A04 /* app1UITestsLaunchTests.swift */,
			);
			path = app1UITests;
			sourceTree = "<group>";
		};
/* End PBXGroup section */

/* Begin PBXNativeTarget section */
		04805B3B273EDE8300758A04 /* app1 */ = {
			isa = PBXNativeTarget;
			buildConfigurationList = 04805B66273EDE8A00758A04 /* Build configuration list for PBXNativeTarget "app1" */;
			buildPhases = (
				04805B38273EDE8300758A04 /* Sources */,
				04805B39273EDE8300758A04 /* Frameworks */,
				04805B3A273EDE8300758A04 /* Resources */,
			);
			buildRules = (
			);
			dependencies = (
			);
			name = app1;
			productName = app1;
			productReference = 04805B3C273EDE8400758A04 /* app1.app */;
			productType = "com.apple.product-type.application";
		};
		04805B51273EDE8A00758A04 /* app1Tests */ = {
			isa = PBXNativeTarget;
			buildConfigurationList = 04805B69273EDE8A00758A04 /* Build configuration list for PBXNativeTarget "app1Tests" */;
			buildPhases = (
				04805B4E273EDE8A00758A04 /* Sources */,
				04805B4F273EDE8A00758A04 /* Frameworks */,
				04805B50273EDE8A00758A04 /* Resources */,
			);
			buildRules = (
			);
			dependencies = (
				04805B54273EDE8A00758A04 /* PBXTargetDependency */,
			);
			name = app1Tests;
			productName = app1Tests;
			productReference = 04805B52273EDE8A00758A04 /* app1Tests.xctest */;
			productType = "com.apple.product-type.bundle.unit-test";
		};
		04805B5B273EDE8A00758A04 /* app1UITests */ = {
			isa = PBXNativeTarget;
			buildConfigurationList = 04805B6C273EDE8A00758A04 /* Build configuration list for PBXNativeTarget "app1UITests" */;
			buildPhases = (
				04805B58273EDE8A00758A04 /* Sources */,
				04805B59273EDE8A00758A04 /* Frameworks */,
				04805B5A273EDE8A00758A04 /* Resources */,
			);
			buildRules = (
			);
			dependencies = (
				04805B5E273EDE8A00758A04 /* PBXTargetDependency */,
			);
			name = app1UITests;
			productName = app1UITests;
			productReference = 04805B5C273EDE8A00758A04 /* app1UITests.xctest */;
			productType = "com.apple.product-type.bundle.ui-testing";
		};
/* End PBXNativeTarget section */

/* Begin PBXProject section */
		04805B34273EDE8300758A04 /* Project object */ = {
			isa = PBXProject;
			attributes = {
				BuildIndependentTargetsInParallel = 1;
				LastSwiftUpdateCheck = 1310;
				LastUpgradeCheck = 1310;
				TargetAttributes = {
					04805B3B273EDE8300758A04 = {
						CreatedOnToolsVersion = 13.1;
					};
					04805B51273EDE8A00758A04 = {
						CreatedOnToolsVersion = 13.1;
						TestTargetID = 04805B3B273EDE8300758A04;
					};
					04805B5B273EDE8A00758A04 = {
						CreatedOnToolsVersion = 13.1;
						TestTargetID = 04805B3B273EDE8300758A04;
					};
				};
			};
			buildConfigurationList = 04805B37273EDE8300758A04 /* Build configuration list for PBXProject "app1" */;
			compatibilityVersion = "Xcode 13.0";
			developmentRegion = en;
			hasScannedForEncodings = 0;
			knownRegions = (
				en,
				Base,
			);
			mainGroup = 04805B33273EDE8300758A04;
			productRefGroup = 04805B3D273EDE8400758A04 /* Products */;
			projectDirPath = "";
			projectRoot = "";
			targets = (
				04805B3B273EDE8300758A04 /* app1 */,
				04805B51273EDE8A00758A04 /* app1Tests */,
				04805B5B273EDE8A00758A04 /* app1UITests */,
			);
		};
/* End PBXProject section */

/* Begin PBXResourcesBuildPhase section */
		04805B3A273EDE8300758A04 /* Resources */ = {
			isa = PBXResourcesBuildPhase;
			buildActionMask = 2147483647;
			files = (
				04805B4C273EDE8900758A04 /* LaunchScreen.storyboard in Resources */,
				04805B49273EDE8900758A04 /* Assets.xcassets in Resources */,
				04805B47273EDE8400758A04 /* Main.storyboard in Resources */,
			);
			runOnlyForDeploymentPostprocessing = 0;
		};
		04805B50273EDE8A00758A04 /* Resources */ = {
			isa = PBXResourcesBuildPhase;
			buildActionMask = 2147483647;
			files = (
			);
			runOnlyForDeploymentPostprocessing = 0;
		};
		04805B5A273EDE8A00758A04 /* Resources */ = {
			isa = PBXResourcesBuildPhase;
			buildActionMask = 2147483647;
			files = (
			);
			runOnlyForDeploymentPostprocessing = 0;
		};
/* End PBXResourcesBuildPhase section */

/* Begin PBXSourcesBuildPhase section */
		04805B38273EDE8300758A04 /* Sources */ = {
			isa = PBXSourcesBuildPhase;
			buildActionMask = 2147483647;
			files = (
				04805B44273EDE8400758A04 /* ViewController.swift in Sources */,
				04805B40273EDE8400758A04 /* AppDelegate.swift in Sources */,
				04805B42273EDE8400758A04 /* SceneDelegate.swift in Sources */,
				048A1760273FAA86003D190D /* GuessAnswer.swift in Sources */,
			);
			runOnlyForDeploymentPostprocessing = 0;
		};
		04805B4E273EDE8A00758A04 /* Sources */ = {
			isa = PBXSourcesBuildPhase;
			buildActionMask = 2147483647;
			files = (
				04805B57273EDE8A00758A04 /* app1Tests.swift in Sources */,
			);
			runOnlyForDeploymentPostprocessing = 0;
		};
		04805B58273EDE8A00758A04 /* Sources */ = {
			isa = PBXSourcesBuildPhase;
			buildActionMask = 2147483647;
			files = (
				04805B63273EDE8A00758A04 /* app1UITestsLaunchTests.swift in Sources */,
				04805B61273EDE8A00758A04 /* app1UITests.swift in Sources */,
			);
			runOnlyForDeploymentPostprocessing = 0;
		};
/* End PBXSourcesBuildPhase section */

/* Begin PBXTargetDependency section */
		04805B54273EDE8A00758A04 /* PBXTargetDependency */ = {
			isa = PBXTargetDependency;
			target = 04805B3B273EDE8300758A04 /* app1 */;
			targetProxy = 04805B53273EDE8A00758A04 /* PBXContainerItemProxy */;
		};
		04805B5E273EDE8A00758A04 /* PBXTargetDependency */ = {
			isa = PBXTargetDependency;
			target = 04805B3B273EDE8300758A04 /* app1 */;
			targetProxy = 04805B5D273EDE8A00758A04 /* PBXContainerItemProxy */;
		};
/* End PBXTargetDependency section */

/* Begin PBXVariantGroup section */
		04805B45273EDE8400758A04 /* Main.storyboard */ = {
			isa = PBXVariantGroup;
			children = (
				04805B46273EDE8400758A04 /* Base */,
			);
			name = Main.storyboard;
			sourceTree = "<group>";
		};
		04805B4A273EDE8900758A04 /* LaunchScreen.storyboard */ = {
			isa = PBXVariantGroup;
			children = (
				04805B4B273EDE8900758A04 /* Base */,
			);
			name = LaunchScreen.storyboard;
			sourceTree = "<group>";
		};
/* End PBXVariantGroup section */

/* Begin XCBuildConfiguration section */
		04805B64273EDE8A00758A04 /* Debug */ = {
			isa = XCBuildConfiguration;
			buildSettings = {
				ALWAYS_SEARCH_USER_PATHS = NO;
				CLANG_ANALYZER_NONNULL = YES;
				CLANG_ANALYZER_NUMBER_OBJECT_CONVERSION = YES_AGGRESSIVE;
				CLANG_CXX_LANGUAGE_STANDARD = "gnu++17";
				CLANG_CXX_LIBRARY = "libc++";
				CLANG_ENABLE_MODULES = YES;
				CLANG_ENABLE_OBJC_ARC = YES;
				CLANG_ENABLE_OBJC_WEAK = YES;
				CLANG_WARN_BLOCK_CAPTURE_AUTORELEASING = YES;
				CLANG_WARN_BOOL_CONVERSION = YES;
				CLANG_WARN_COMMA = YES;
				CLANG_WARN_CONSTANT_CONVERSION = YES;
				CLANG_WARN_DEPRECATED_OBJC_IMPLEMENTATIONS = YES;
				CLANG_WARN_DIRECT_OBJC_ISA_USAGE = YES_ERROR;
				CLANG_WARN_DOCUMENTATION_COMMENTS = YES;
				CLANG_WARN_EMPTY_BODY = YES;
				CLANG_WARN_ENUM_CONVERSION = YES;
				CLANG_WARN_INFINITE_RECURSION = YES;
				CLANG_WARN_INT_CONVERSION = YES;
				CLANG_WARN_NON_LITERAL_NULL_CONVERSION = YES;
				CLANG_WARN_OBJC_IMPLICIT_RETAIN_SELF = YES;
				CLANG_WARN_OBJC_LITERAL_CONVERSION = YES;
				CLANG_WARN_OBJC_ROOT_CLASS = YES_ERROR;
				CLANG_WARN_QUOTED_INCLUDE_IN_FRAMEWORK_HEADER = YES;
				CLANG_WARN_RANGE_LOOP_ANALYSIS = YES;
				CLANG_WARN_STRICT_PROTOTYPES = YES;
				CLANG_WARN_SUSPICIOUS_MOVE = YES;
				CLANG_WARN_UNGUARDED_AVAILABILITY = YES_AGGRESSIVE;
				CLANG_WARN_UNREACHABLE_CODE = YES;
				CLANG_WARN__DUPLICATE_METHOD_MATCH = YES;
				COPY_PHASE_STRIP = NO;
				DEBUG_INFORMATION_FORMAT = dwarf;
				ENABLE_STRICT_OBJC_MSGSEND = YES;
				ENABLE_TESTABILITY = YES;
				GCC_C_LANGUAGE_STANDARD = gnu11;
				GCC_DYNAMIC_NO_PIC = NO;
				GCC_NO_COMMON_BLOCKS = YES;
				GCC_OPTIMIZATION_LEVEL = 0;
				GCC_PREPROCESSOR_DEFINITIONS = (
					"DEBUG=1",
					"$(inherited)",
				);
				GCC_WARN_64_TO_32_BIT_CONVERSION = YES;
				GCC_WARN_ABOUT_RETURN_TYPE = YES_ERROR;
				GCC_WARN_UNDECLARED_SELECTOR = YES;
				GCC_WARN_UNINITIALIZED_AUTOS = YES_AGGRESSIVE;
				GCC_WARN_UNUSED_FUNCTION = YES;
				GCC_WARN_UNUSED_VARIABLE = YES;
				IPHONEOS_DEPLOYMENT_TARGET = 15.0;
				MTL_ENABLE_DEBUG_INFO = INCLUDE_SOURCE;
				MTL_FAST_MATH = YES;
				ONLY_ACTIVE_ARCH = YES;
				SDKROOT = iphoneos;
				SWIFT_ACTIVE_COMPILATION_CONDITIONS = DEBUG;
				SWIFT_OPTIMIZATION_LEVEL = "-Onone";
			};
			name = Debug;
		};
		04805B65273EDE8A00758A04 /* Release */ = {
			isa = XCBuildConfiguration;
			buildSettings = {
				ALWAYS_SEARCH_USER_PATHS = NO;
				CLANG_ANALYZER_NONNULL = YES;
				CLANG_ANALYZER_NUMBER_OBJECT_CONVERSION = YES_AGGRESSIVE;
				CLANG_CXX_LANGUAGE_STANDARD = "gnu++17";
				CLANG_CXX_LIBRARY = "libc++";
				CLANG_ENABLE_MODULES = YES;
				CLANG_ENABLE_OBJC_ARC = YES;
				CLANG_ENABLE_OBJC_WEAK = YES;
				CLANG_WARN_BLOCK_CAPTURE_AUTORELEASING = YES;
				CLANG_WARN_BOOL_CONVERSION = YES;
				CLANG_WARN_COMMA = YES;
				CLANG_WARN_CONSTANT_CONVERSION = YES;
				CLANG_WARN_DEPRECATED_OBJC_IMPLEMENTATIONS = YES;
				CLANG_WARN_DIRECT_OBJC_ISA_USAGE = YES_ERROR;
				CLANG_WARN_DOCUMENTATION_COMMENTS = YES;
				CLANG_WARN_EMPTY_BODY = YES;
				CLANG_WARN_ENUM_CONVERSION = YES;
				CLANG_WARN_INFINITE_RECURSION = YES;
				CLANG_WARN_INT_CONVERSION = YES;
				CLANG_WARN_NON_LITERAL_NULL_CONVERSION = YES;
				CLANG_WARN_OBJC_IMPLICIT_RETAIN_SELF = YES;
				CLANG_WARN_OBJC_LITERAL_CONVERSION = YES;
				CLANG_WARN_OBJC_ROOT_CLASS = YES_ERROR;
				CLANG_WARN_QUOTED_INCLUDE_IN_FRAMEWORK_HEADER = YES;
				CLANG_WARN_RANGE_LOOP_ANALYSIS = YES;
				CLANG_WARN_STRICT_PROTOTYPES = YES;
				CLANG_WARN_SUSPICIOUS_MOVE = YES;
				CLANG_WARN_UNGUARDED_AVAILABILITY = YES_AGGRESSIVE;
				CLANG_WARN_UNREACHABLE_CODE = YES;
				CLANG_WARN__DUPLICATE_METHOD_MATCH = YES;
				COPY_PHASE_STRIP = NO;
				DEBUG_INFORMATION_FORMAT = "dwarf-with-dsym";
				ENABLE_NS_ASSERTIONS = NO;
				ENABLE_STRICT_OBJC_MSGSEND = YES;
				GCC_C_LANGUAGE_STANDARD = gnu11;
				GCC_NO_COMMON_BLOCKS = YES;
				GCC_WARN_64_TO_32_BIT_CONVERSION = YES;
				GCC_WARN_ABOUT_RETURN_TYPE = YES_ERROR;
				GCC_WARN_UNDECLARED_SELECTOR = YES;
				GCC_WARN_UNINITIALIZED_AUTOS = YES_AGGRESSIVE;
				GCC_WARN_UNUSED_FUNCTION = YES;
				GCC_WARN_UNUSED_VARIABLE = YES;
				IPHONEOS_DEPLOYMENT_TARGET = 15.0;
				MTL_ENABLE_DEBUG_INFO = NO;
				MTL_FAST_MATH = YES;
				SDKROOT = iphoneos;
				SWIFT_COMPILATION_MODE = wholemodule;
				SWIFT_OPTIMIZATION_LEVEL = "-O";
				VALIDATE_PRODUCT = YES;
			};
			name = Release;
		};
		04805B67273EDE8A00758A04 /* Debug */ = {
			isa = XCBuildConfiguration;
			buildSettings = {
				ASSETCATALOG_COMPILER_APPICON_NAME = AppIcon;
				ASSETCATALOG_COMPILER_GLOBAL_ACCENT_COLOR_NAME = AccentColor;
				CODE_SIGN_STYLE = Automatic;
				CURRENT_PROJECT_VERSION = 1;
				DEVELOPMENT_TEAM = 3A7U437F7S;
				GENERATE_INFOPLIST_FILE = YES;
				INFOPLIST_FILE = app1/Info.plist;
				INFOPLIST_KEY_UIApplicationSupportsIndirectInputEvents = YES;
				INFOPLIST_KEY_UILaunchStoryboardName = LaunchScreen;
				INFOPLIST_KEY_UIMainStoryboardFile = Main;
				INFOPLIST_KEY_UISupportedInterfaceOrientations_iPad = "UIInterfaceOrientationPortrait UIInterfaceOrientationPortraitUpsideDown UIInterfaceOrientationLandscapeLeft UIInterfaceOrientationLandscapeRight";
				INFOPLIST_KEY_UISupportedInterfaceOrientations_iPhone = "UIInterfaceOrientationPortrait UIInterfaceOrientationLandscapeLeft UIInterfaceOrientationLandscapeRight";
				LD_RUNPATH_SEARCH_PATHS = (
					"$(inherited)",
					"@executable_path/Frameworks",
				);
				MARKETING_VERSION = 1.0;
				PRODUCT_BUNDLE_IDENTIFIER = ndhu.com.app1;
				PRODUCT_NAME = "$(TARGET_NAME)";
				SWIFT_EMIT_LOC_STRINGS = YES;
				SWIFT_VERSION = 5.0;
				TARGETED_DEVICE_FAMILY = "1,2";
			};
			name = Debug;
		};
		04805B68273EDE8A00758A04 /* Release */ = {
			isa = XCBuildConfiguration;
			buildSettings = {
				ASSETCATALOG_COMPILER_APPICON_NAME = AppIcon;
				ASSETCATALOG_COMPILER_GLOBAL_ACCENT_COLOR_NAME = AccentColor;
				CODE_SIGN_STYLE = Automatic;
				CURRENT_PROJECT_VERSION = 1;
				DEVELOPMENT_TEAM = 3A7U437F7S;
				GENERATE_INFOPLIST_FILE = YES;
				INFOPLIST_FILE = app1/Info.plist;
				INFOPLIST_KEY_UIApplicationSupportsIndirectInputEvents = YES;
				INFOPLIST_KEY_UILaunchStoryboardName = LaunchScreen;
				INFOPLIST_KEY_UIMainStoryboardFile = Main;
				INFOPLIST_KEY_UISupportedInterfaceOrientations_iPad = "UIInterfaceOrientationPortrait UIInterfaceOrientationPortraitUpsideDown UIInterfaceOrientationLandscapeLeft UIInterfaceOrientationLandscapeRight";
				INFOPLIST_KEY_UISupportedInterfaceOrientations_iPhone = "UIInterfaceOrientationPortrait UIInterfaceOrientationLandscapeLeft UIInterfaceOrientationLandscapeRight";
				LD_RUNPATH_SEARCH_PATHS = (
					"$(inherited)",
					"@executable_path/Frameworks",
				);
				MARKETING_VERSION = 1.0;
				PRODUCT_BUNDLE_IDENTIFIER = ndhu.com.app1;
				PRODUCT_NAME = "$(TARGET_NAME)";
				SWIFT_EMIT_LOC_STRINGS = YES;
				SWIFT_VERSION = 5.0;
				TARGETED_DEVICE_FAMILY = "1,2";
			};
			name = Release;
		};
		04805B6A273EDE8A00758A04 /* Debug */ = {
			isa = XCBuildConfiguration;
			buildSettings = {
				ALWAYS_EMBED_SWIFT_STANDARD_LIBRARIES = YES;
				BUNDLE_LOADER = "$(TEST_HOST)";
				CODE_SIGN_STYLE = Automatic;
				CURRENT_PROJECT_VERSION = 1;
				DEVELOPMENT_TEAM = 3A7U437F7S;
				GENERATE_INFOPLIST_FILE = YES;
				IPHONEOS_DEPLOYMENT_TARGET = 15.0;
				LD_RUNPATH_SEARCH_PATHS = (
					"$(inherited)",
					"@executable_path/Frameworks",
					"@loader_path/Frameworks",
				);
				MARKETING_VERSION = 1.0;
				PRODUCT_BUNDLE_IDENTIFIER = ndhu.com.app1Tests;
				PRODUCT_NAME = "$(TARGET_NAME)";
				SWIFT_EMIT_LOC_STRINGS = NO;
				SWIFT_VERSION = 5.0;
				TARGETED_DEVICE_FAMILY = "1,2";
				TEST_HOST = "$(BUILT_PRODUCTS_DIR)/app1.app/app1";
			};
			name = Debug;
		};
		04805B6B273EDE8A00758A04 /* Release */ = {
			isa = XCBuildConfiguration;
			buildSettings = {
				ALWAYS_EMBED_SWIFT_STANDARD_LIBRARIES = YES;
				BUNDLE_LOADER = "$(TEST_HOST)";
				CODE_SIGN_STYLE = Automatic;
				CURRENT_PROJECT_VERSION = 1;
				DEVELOPMENT_TEAM = 3A7U437F7S;
				GENERATE_INFOPLIST_FILE = YES;
				IPHONEOS_DEPLOYMENT_TARGET = 15.0;
				LD_RUNPATH_SEARCH_PATHS = (
					"$(inherited)",
					"@executable_path/Frameworks",
					"@loader_path/Frameworks",
				);
				MARKETING_VERSION = 1.0;
				PRODUCT_BUNDLE_IDENTIFIER = ndhu.com.app1Tests;
				PRODUCT_NAME = "$(TARGET_NAME)";
				SWIFT_EMIT_LOC_STRINGS = NO;
				SWIFT_VERSION = 5.0;
				TARGETED_DEVICE_FAMILY = "1,2";
				TEST_HOST = "$(BUILT_PRODUCTS_DIR)/app1.app/app1";
			};
			name = Release;
		};
		04805B6D273EDE8A00758A04 /* Debug */ = {
			isa = XCBuildConfiguration;
			buildSettings = {
				ALWAYS_EMBED_SWIFT_STANDARD_LIBRARIES = YES;
				CODE_SIGN_STYLE = Automatic;
				CURRENT_PROJECT_VERSION = 1;
				DEVELOPMENT_TEAM = 3A7U437F7S;
				GENERATE_INFOPLIST_FILE = YES;
				LD_RUNPATH_SEARCH_PATHS = (
					"$(inherited)",
					"@executable_path/Frameworks",
					"@loader_path/Frameworks",
				);
				MARKETING_VERSION = 1.0;
				PRODUCT_BUNDLE_IDENTIFIER = ndhu.com.app1UITests;
				PRODUCT_NAME = "$(TARGET_NAME)";
				SWIFT_EMIT_LOC_STRINGS = NO;
				SWIFT_VERSION = 5.0;
				TARGETED_DEVICE_FAMILY = "1,2";
				TEST_TARGET_NAME = app1;
			};
			name = Debug;
		};
		04805B6E273EDE8A00758A04 /* Release */ = {
			isa = XCBuildConfiguration;
			buildSettings = {
				ALWAYS_EMBED_SWIFT_STANDARD_LIBRARIES = YES;
				CODE_SIGN_STYLE = Automatic;
				CURRENT_PROJECT_VERSION = 1;
				DEVELOPMENT_TEAM = 3A7U437F7S;
				GENERATE_INFOPLIST_FILE = YES;
				LD_RUNPATH_SEARCH_PATHS = (
					"$(inherited)",
					"@executable_path/Frameworks",
					"@loader_path/Frameworks",
				);
				MARKETING_VERSION = 1.0;
				PRODUCT_BUNDLE_IDENTIFIER = ndhu.com.app1UITests;
				PRODUCT_NAME = "$(TARGET_NAME)";
				SWIFT_EMIT_LOC_STRINGS = NO;
				SWIFT_VERSION = 5.0;
				TARGETED_DEVICE_FAMILY = "1,2";
				TEST_TARGET_NAME = app1;
			};
			name = Release;
		};
/* End XCBuildConfiguration section */

/* Begin XCConfigurationList section */
		04805B37273EDE8300758A04 /* Build configuration list for PBXProject "app1" */ = {
			isa = XCConfigurationList;
			buildConfigurations = (
				04805B64273EDE8A00758A04 /* Debug */,
				04805B65273EDE8A00758A04 /* Release */,
			);
			defaultConfigurationIsVisible = 0;
			defaultConfigurationName = Release;
		};
		04805B66273EDE8A00758A04 /* Build configuration list for PBXNativeTarget "app1" */ = {
			isa = XCConfigurationList;
			buildConfigurations = (
				04805B67273EDE8A00758A04 /* Debug */,
				04805B68273EDE8A00758A04 /* Release */,
			);
			defaultConfigurationIsVisible = 0;
			defaultConfigurationName = Release;
		};
		04805B69273EDE8A00758A04 /* Build configuration list for PBXNativeTarget "app1Tests" */ = {
			isa = XCConfigurationList;
			buildConfigurations = (
				04805B6A273EDE8A00758A04 /* Debug */,
				04805B6B273EDE8A00758A04 /* Release */,
			);
			defaultConfigurationIsVisible = 0;
			defaultConfigurationName = Release;
		};
		04805B6C273EDE8A00758A04 /* Build configuration list for PBXNativeTarget "app1UITests" */ = {
			isa = XCConfigurationList;
			buildConfigurations = (
				04805B6D273EDE8A00758A04 /* Debug */,
				04805B6E273EDE8A00758A04 /* Release */,
			);
			defaultConfigurationIsVisible = 0;
			defaultConfigurationName = Release;
		};
/* End XCConfigurationList section */
	};
	rootObject = 04805B34273EDE8300758A04 /* Project object */;
}
